github.com/tansoz/ShanMap v0.0.0-20200707093625-6f9bc1f2ce2d h1:y/tjitLkp8Eju6nZyxyk9zYVJXi5kUG5EBUA+OZm4EM=
github.com/tansoz/ShanMap v0.0.0-20200707093625-6f9bc1f2ce2d/go.mod h1:zNzvpDXgHzD+BAO3TRnPu0M01cJJEtO0QkiWUE4Xz8U=
github.com/tansoz/ShanObject v1.0.0 h1:2YQcXwxsoKokgtpgyM98zmkw4wfb1KQ5fLN3alMVPLY=
github.com/tansoz/ShanObject v1.0.0/go.mod h1:QHNj0cuIE6QL8LWkwSTlQRXj/6bDCUG4dCFLMms5FTc=
